
Microsoft Visual Studio Solution File, Format Version 12.00
# Visual Studio 15
VisualStudioVersion = 15.0.27004.2005
MinimumVisualStudioVersion = 10.0.40219.1
Project("{FAE04EC0-301F-11D3-BF4B-00C04F79EFBC}") = "ProjectFinal", "ProjectFinal\ProjectFinal.csproj", "{AC401BEF-D29F-49B9-B8E5-469C4667A210}"
EndProject
Global
	GlobalSection(SolutionConfigurationPlatforms) = preSolution
		Debug|Any CPU = Debug|Any CPU
		Release|Any CPU = Release|Any CPU
	EndGlobalSection
	GlobalSection(ProjectConfigurationPlatforms) = postSolution
		{AC401BEF-D29F-49B9-B8E5-469C4667A210}.Debug|Any CPU.ActiveCfg = Debug|Any CPU
		{AC401BEF-D29F-49B9-B8E5-469C4667A210}.Debug|Any CPU.Build.0 = Debug|Any CPU
		{AC401BEF-D29F-49B9-B8E5-469C4667A210}.Release|Any CPU.ActiveCfg = Release|Any CPU
		{AC401BEF-D29F-49B9-B8E5-469C4667A210}.Release|Any CPU.Build.0 = Release|Any CPU
	EndGlobalSection
	GlobalSection(SolutionProperties) = preSolution
		HideSolutionNode = FALSE
	EndGlobalSection
	GlobalSection(ExtensibilityGlobals) = postSolution
		SolutionGuid = {1C217883-F45B-49A8-9075-4FF9626E24FB}
	EndGlobalSection
EndGlobal
